
Microsoft Visual Studio Solution File, Format Version 12.00
# Visual Studio 15
Project("{FAE04EC0-301F-11D3-BF4B-00C04F79EFBC}") = "Assembly-CSharp", "Assembly-CSharp.csproj", "{F14868FB-2FE0-1AAC-4675-E7631AC508B0}"
EndProject
Project("{FAE04EC0-301F-11D3-BF4B-00C04F79EFBC}") = "ControllerSample", "ControllerSample.csproj", "{52B1B455-DBA4-5366-527E-53E80A4EB66A}"
EndProject
Project("{FAE04EC0-301F-11D3-BF4B-00C04F79EFBC}") = "Assembly-CSharp-Editor", "Assembly-CSharp-Editor.csproj", "{C08F7164-E6DB-7C58-A881-2705D4662C6E}"
EndProject
Global
	GlobalSection(SolutionConfigurationPlatforms) = preSolution
		Debug|Any CPU = Debug|Any CPU
		Release|Any CPU = Release|Any CPU
	EndGlobalSection
	GlobalSection(ProjectConfigurationPlatforms) = postSolution
		{F14868FB-2FE0-1AAC-4675-E7631AC508B0}.Debug|Any CPU.ActiveCfg = Debug|Any CPU
		{F14868FB-2FE0-1AAC-4675-E7631AC508B0}.Debug|Any CPU.Build.0 = Debug|Any CPU
		{F14868FB-2FE0-1AAC-4675-E7631AC508B0}.Release|Any CPU.ActiveCfg = Release|Any CPU
		{F14868FB-2FE0-1AAC-4675-E7631AC508B0}.Release|Any CPU.Build.0 = Release|Any CPU
		{52B1B455-DBA4-5366-527E-53E80A4EB66A}.Debug|Any CPU.ActiveCfg = Debug|Any CPU
		{52B1B455-DBA4-5366-527E-53E80A4EB66A}.Debug|Any CPU.Build.0 = Debug|Any CPU
		{52B1B455-DBA4-5366-527E-53E80A4EB66A}.Release|Any CPU.ActiveCfg = Release|Any CPU
		{52B1B455-DBA4-5366-527E-53E80A4EB66A}.Release|Any CPU.Build.0 = Release|Any CPU
		{C08F7164-E6DB-7C58-A881-2705D4662C6E}.Debug|Any CPU.ActiveCfg = Debug|Any CPU
		{C08F7164-E6DB-7C58-A881-2705D4662C6E}.Debug|Any CPU.Build.0 = Debug|Any CPU
		{C08F7164-E6DB-7C58-A881-2705D4662C6E}.Release|Any CPU.ActiveCfg = Release|Any CPU
		{C08F7164-E6DB-7C58-A881-2705D4662C6E}.Release|Any CPU.Build.0 = Release|Any CPU
	EndGlobalSection
	GlobalSection(SolutionProperties) = preSolution
		HideSolutionNode = FALSE
	EndGlobalSection
EndGlobal
